
Microsoft Visual Studio Solution File, Format Version 12.00
# Visual Studio Version 17
VisualStudioVersion = 17.0.31903.59
MinimumVisualStudioVersion = 10.0.40219.1
Project("{9A19103F-16F7-4668-BE54-9A1E7A4F7556}") = "CongestionTaxCalculator.EndPoint", "CongestionTaxCalculator.EndPoint\CongestionTaxCalculator.EndPoint.csproj", "{5F3B82A4-A5CF-4D6C-838E-91A88E373168}"
EndProject
Project("{9A19103F-16F7-4668-BE54-9A1E7A4F7556}") = "CongestionTaxCalculator.CongestionTaxCalculatorNetCore", "netcore\CongestionTaxCalculator.CongestionTaxCalculatorNetCore.csproj", "{EC93EF2B-D7CE-41C5-87D7-310EF519F211}"
EndProject
Global
	GlobalSection(SolutionConfigurationPlatforms) = preSolution
		Debug|Any CPU = Debug|Any CPU
		Release|Any CPU = Release|Any CPU
	EndGlobalSection
	GlobalSection(ProjectConfigurationPlatforms) = postSolution
		{5F3B82A4-A5CF-4D6C-838E-91A88E373168}.Debug|Any CPU.ActiveCfg = Debug|Any CPU
		{5F3B82A4-A5CF-4D6C-838E-91A88E373168}.Debug|Any CPU.Build.0 = Debug|Any CPU
		{5F3B82A4-A5CF-4D6C-838E-91A88E373168}.Release|Any CPU.ActiveCfg = Release|Any CPU
		{5F3B82A4-A5CF-4D6C-838E-91A88E373168}.Release|Any CPU.Build.0 = Release|Any CPU
		{EC93EF2B-D7CE-41C5-87D7-310EF519F211}.Debug|Any CPU.ActiveCfg = Debug|Any CPU
		{EC93EF2B-D7CE-41C5-87D7-310EF519F211}.Debug|Any CPU.Build.0 = Debug|Any CPU
		{EC93EF2B-D7CE-41C5-87D7-310EF519F211}.Release|Any CPU.ActiveCfg = Release|Any CPU
		{EC93EF2B-D7CE-41C5-87D7-310EF519F211}.Release|Any CPU.Build.0 = Release|Any CPU
	EndGlobalSection
	GlobalSection(SolutionProperties) = preSolution
		HideSolutionNode = FALSE
	EndGlobalSection
	GlobalSection(ExtensibilityGlobals) = postSolution
		SolutionGuid = {18048AA5-8913-4A62-BD2E-5A013430101A}
	EndGlobalSection
EndGlobal
